
Microsoft Visual Studio Solution File, Format Version 12.00
# Visual Studio Version 16
VisualStudioVersion = 16.0.810.10
MinimumVisualStudioVersion = 10.0.40219.1
Project("{FAE04EC0-301F-11D3-BF4B-00C04F79EFBC}") = "Choosr.Android", "Choosr.Android\Choosr.Android.csproj", "{46B47392-200B-4E2C-897E-A6CE54350D12}"
EndProject
Project("{FAE04EC0-301F-11D3-BF4B-00C04F79EFBC}") = "Choosr.iOS", "Choosr.iOS\Choosr.iOS.csproj", "{212D728C-B1F4-4F83-9FDC-0E37EE85C5DD}"
EndProject
Project("{FAE04EC0-301F-11D3-BF4B-00C04F79EFBC}") = "Choosr", "Choosr\Choosr.csproj", "{A20AC23B-A724-4626-B17A-98C1A67BD8F7}"
EndProject
Global
	GlobalSection(SolutionConfigurationPlatforms) = preSolution
		Debug|Any CPU = Debug|Any CPU
		Release|Any CPU = Release|Any CPU
		Debug|iPhoneSimulator = Debug|iPhoneSimulator
		Release|iPhoneSimulator = Release|iPhoneSimulator
		Debug|iPhone = Debug|iPhone
		Release|iPhone = Release|iPhone
	EndGlobalSection
	GlobalSection(ProjectConfigurationPlatforms) = postSolution
		{46B47392-200B-4E2C-897E-A6CE54350D12}.Debug|Any CPU.ActiveCfg = Debug|Any CPU
		{46B47392-200B-4E2C-897E-A6CE54350D12}.Debug|Any CPU.Build.0 = Debug|Any CPU
		{46B47392-200B-4E2C-897E-A6CE54350D12}.Release|Any CPU.ActiveCfg = Release|Any CPU
		{46B47392-200B-4E2C-897E-A6CE54350D12}.Release|Any CPU.Build.0 = Release|Any CPU
		{46B47392-200B-4E2C-897E-A6CE54350D12}.Debug|iPhoneSimulator.ActiveCfg = Debug|Any CPU
		{46B47392-200B-4E2C-897E-A6CE54350D12}.Debug|iPhoneSimulator.Build.0 = Debug|Any CPU
		{46B47392-200B-4E2C-897E-A6CE54350D12}.Release|iPhoneSimulator.ActiveCfg = Release|Any CPU
		{46B47392-200B-4E2C-897E-A6CE54350D12}.Release|iPhoneSimulator.Build.0 = Release|Any CPU
		{46B47392-200B-4E2C-897E-A6CE54350D12}.Debug|iPhone.ActiveCfg = Debug|Any CPU
		{46B47392-200B-4E2C-897E-A6CE54350D12}.Debug|iPhone.Build.0 = Debug|Any CPU
		{46B47392-200B-4E2C-897E-A6CE54350D12}.Release|iPhone.ActiveCfg = Release|Any CPU
		{46B47392-200B-4E2C-897E-A6CE54350D12}.Release|iPhone.Build.0 = Release|Any CPU
		{212D728C-B1F4-4F83-9FDC-0E37EE85C5DD}.Debug|Any CPU.ActiveCfg = Debug|iPhoneSimulator
		{212D728C-B1F4-4F83-9FDC-0E37EE85C5DD}.Debug|Any CPU.Build.0 = Debug|iPhoneSimulator
		{212D728C-B1F4-4F83-9FDC-0E37EE85C5DD}.Release|Any CPU.ActiveCfg = Release|iPhoneSimulator
		{212D728C-B1F4-4F83-9FDC-0E37EE85C5DD}.Release|Any CPU.Build.0 = Release|iPhoneSimulator
		{212D728C-B1F4-4F83-9FDC-0E37EE85C5DD}.Debug|iPhoneSimulator.ActiveCfg = Debug|iPhoneSimulator
		{212D728C-B1F4-4F83-9FDC-0E37EE85C5DD}.Debug|iPhoneSimulator.Build.0 = Debug|iPhoneSimulator
		{212D728C-B1F4-4F83-9FDC-0E37EE85C5DD}.Release|iPhoneSimulator.ActiveCfg = Release|iPhoneSimulator
		{212D728C-B1F4-4F83-9FDC-0E37EE85C5DD}.Release|iPhoneSimulator.Build.0 = Release|iPhoneSimulator
		{212D728C-B1F4-4F83-9FDC-0E37EE85C5DD}.Debug|iPhone.ActiveCfg = Debug|iPhone
		{212D728C-B1F4-4F83-9FDC-0E37EE85C5DD}.Debug|iPhone.Build.0 = Debug|iPhone
		{212D728C-B1F4-4F83-9FDC-0E37EE85C5DD}.Release|iPhone.ActiveCfg = Release|iPhone
		{212D728C-B1F4-4F83-9FDC-0E37EE85C5DD}.Release|iPhone.Build.0 = Release|iPhone
		{A20AC23B-A724-4626-B17A-98C1A67BD8F7}.Debug|Any CPU.ActiveCfg = Debug|Any CPU
		{A20AC23B-A724-4626-B17A-98C1A67BD8F7}.Debug|Any CPU.Build.0 = Debug|Any CPU
		{A20AC23B-A724-4626-B17A-98C1A67BD8F7}.Release|Any CPU.ActiveCfg = Release|Any CPU
		{A20AC23B-A724-4626-B17A-98C1A67BD8F7}.Release|Any CPU.Build.0 = Release|Any CPU
		{A20AC23B-A724-4626-B17A-98C1A67BD8F7}.Debug|iPhoneSimulator.ActiveCfg = Debug|Any CPU
		{A20AC23B-A724-4626-B17A-98C1A67BD8F7}.Debug|iPhoneSimulator.Build.0 = Debug|Any CPU
		{A20AC23B-A724-4626-B17A-98C1A67BD8F7}.Release|iPhoneSimulator.ActiveCfg = Release|Any CPU
		{A20AC23B-A724-4626-B17A-98C1A67BD8F7}.Release|iPhoneSimulator.Build.0 = Release|Any CPU
		{A20AC23B-A724-4626-B17A-98C1A67BD8F7}.Debug|iPhone.ActiveCfg = Debug|Any CPU
		{A20AC23B-A724-4626-B17A-98C1A67BD8F7}.Debug|iPhone.Build.0 = Debug|Any CPU
		{A20AC23B-A724-4626-B17A-98C1A67BD8F7}.Release|iPhone.ActiveCfg = Release|Any CPU
		{A20AC23B-A724-4626-B17A-98C1A67BD8F7}.Release|iPhone.Build.0 = Release|Any CPU
	EndGlobalSection
	GlobalSection(SolutionProperties) = preSolution
		HideSolutionNode = FALSE
	EndGlobalSection
	GlobalSection(ExtensibilityGlobals) = postSolution
		SolutionGuid = {19537A8C-975B-4AB9-A5A8-32FE44D56450}
	EndGlobalSection
EndGlobal
